// !$*UTF8*$!
{
	archiveVersion = 1;
	classes = {
	};
	objectVersion = 56;
	objects = {

/* Begin PBXBuildFile section */
		34B0BA7C2B65623A0037D157 /* NYCSchoolInformationApp.swift in Sources */ = {isa = PBXBuildFile; fileRef = 34B0BA7B2B65623A0037D157 /* NYCSchoolInformationApp.swift */; };
		34B0BA7E2B65623A0037D157 /* SchoolListView.swift in Sources */ = {isa = PBXBuildFile; fileRef = 34B0BA7D2B65623A0037D157 /* SchoolListView.swift */; };
		34B0BA802B6562400037D157 /* Assets.xcassets in Resources */ = {isa = PBXBuildFile; fileRef = 34B0BA7F2B6562400037D157 /* Assets.xcassets */; };
		34B0BA832B6562400037D157 /* Preview Assets.xcassets in Resources */ = {isa = PBXBuildFile; fileRef = 34B0BA822B6562400037D157 /* Preview Assets.xcassets */; };
		34B0BA8D2B6562410037D157 /* NYCSchoolInformationTests.swift in Sources */ = {isa = PBXBuildFile; fileRef = 34B0BA8C2B6562410037D157 /* NYCSchoolInformationTests.swift */; };
		34B0BA972B6562410037D157 /* NYCSchoolInformationUITests.swift in Sources */ = {isa = PBXBuildFile; fileRef = 34B0BA962B6562410037D157 /* NYCSchoolInformationUITests.swift */; };
		34B0BA992B6562410037D157 /* NYCSchoolInformationUITestsLaunchTests.swift in Sources */ = {isa = PBXBuildFile; fileRef = 34B0BA982B6562410037D157 /* NYCSchoolInformationUITestsLaunchTests.swift */; };
		34B0BAA92B6562960037D157 /* SchoolListModel.swift in Sources */ = {isa = PBXBuildFile; fileRef = 34B0BAA82B6562960037D157 /* SchoolListModel.swift */; };
		34B0BAAB2B6562B10037D157 /* SchoolListViewModel.swift in Sources */ = {isa = PBXBuildFile; fileRef = 34B0BAAA2B6562B10037D157 /* SchoolListViewModel.swift */; };
		34B0BAAD2B6564170037D157 /* NetworkCall.swift in Sources */ = {isa = PBXBuildFile; fileRef = 34B0BAAC2B6564170037D157 /* NetworkCall.swift */; };
		34B0BAAF2B6580580037D157 /* SchoolDetailView.swift in Sources */ = {isa = PBXBuildFile; fileRef = 34B0BAAE2B6580580037D157 /* SchoolDetailView.swift */; };
		34B0BAB12B6584EC0037D157 /* Constants.swift in Sources */ = {isa = PBXBuildFile; fileRef = 34B0BAB02B6584EC0037D157 /* Constants.swift */; };
		34B0BAB32B658A480037D157 /* DataFetchingTest.swift in Sources */ = {isa = PBXBuildFile; fileRef = 34B0BAB22B658A480037D157 /* DataFetchingTest.swift */; };
		34B0BAB52B658BF00037D157 /* MockNetworkCall.swift in Sources */ = {isa = PBXBuildFile; fileRef = 34B0BAB42B658BF00037D157 /* MockNetworkCall.swift */; };
		34B0BAB72B658C510037D157 /* DataValidationTestCase.swift in Sources */ = {isa = PBXBuildFile; fileRef = 34B0BAB62B658C510037D157 /* DataValidationTestCase.swift */; };
/* End PBXBuildFile section */

/* Begin PBXContainerItemProxy section */
		34B0BA892B6562410037D157 /* PBXContainerItemProxy */ = {
			isa = PBXContainerItemProxy;
			containerPortal = 34B0BA702B65623A0037D157 /* Project object */;
			proxyType = 1;
			remoteGlobalIDString = 34B0BA772B65623A0037D157;
			remoteInfo = NYCSchoolInformation;
		};
		34B0BA932B6562410037D157 /* PBXContainerItemProxy */ = {
			isa = PBXContainerItemProxy;
			containerPortal = 34B0BA702B65623A0037D157 /* Project object */;
			proxyType = 1;
			remoteGlobalIDString = 34B0BA772B65623A0037D157;
			remoteInfo = NYCSchoolInformation;
		};
/* End PBXContainerItemProxy section */

/* Begin PBXFileReference section */
		34B0BA782B65623A0037D157 /* NYCSchoolInformation.app */ = {isa = PBXFileReference; explicitFileType = wrapper.application; includeInIndex = 0; path = NYCSchoolInformation.app; sourceTree = BUILT_PRODUCTS_DIR; };
		34B0BA7B2B65623A0037D157 /* NYCSchoolInformationApp.swift */ = {isa = PBXFileReference; lastKnownFileType = sourcecode.swift; path = NYCSchoolInformationApp.swift; sourceTree = "<group>"; };
		34B0BA7D2B65623A0037D157 /* SchoolListView.swift */ = {isa = PBXFileReference; lastKnownFileType = sourcecode.swift; path = SchoolListView.swift; sourceTree = "<group>"; };
		34B0BA7F2B6562400037D157 /* Assets.xcassets */ = {isa = PBXFileReference; lastKnownFileType = folder.assetcatalog; path = Assets.xcassets; sourceTree = "<group>"; };
		34B0BA822B6562400037D157 /* Preview Assets.xcassets */ = {isa = PBXFileReference; lastKnownFileType = folder.assetcatalog; path = "Preview Assets.xcassets"; sourceTree = "<group>"; };
		34B0BA882B6562410037D157 /* NYCSchoolInformationTests.xctest */ = {isa = PBXFileReference; explicitFileType = wrapper.cfbundle; includeInIndex = 0; path = NYCSchoolInformationTests.xctest; sourceTree = BUILT_PRODUCTS_DIR; };
		34B0BA8C2B6562410037D157 /* NYCSchoolInformationTests.swift */ = {isa = PBXFileReference; lastKnownFileType = sourcecode.swift; path = NYCSchoolInformationTests.swift; sourceTree = "<group>"; };
		34B0BA922B6562410037D157 /* NYCSchoolInformationUITests.xctest */ = {isa = PBXFileReference; explicitFileType = wrapper.cfbundle; includeInIndex = 0; path = NYCSchoolInformationUITests.xctest; sourceTree = BUILT_PRODUCTS_DIR; };
		34B0BA962B6562410037D157 /* NYCSchoolInformationUITests.swift */ = {isa = PBXFileReference; lastKnownFileType = sourcecode.swift; path = NYCSchoolInformationUITests.swift; sourceTree = "<group>"; };
		34B0BA982B6562410037D157 /* NYCSchoolInformationUITestsLaunchTests.swift */ = {isa = PBXFileReference; lastKnownFileType = sourcecode.swift; path = NYCSchoolInformationUITestsLaunchTests.swift; sourceTree = "<group>"; };
		34B0BAA82B6562960037D157 /* SchoolListModel.swift */ = {isa = PBXFileReference; lastKnownFileType = sourcecode.swift; path = SchoolListModel.swift; sourceTree = "<group>"; };
		34B0BAAA2B6562B10037D157 /* SchoolListViewModel.swift */ = {isa = PBXFileReference; lastKnownFileType = sourcecode.swift; path = SchoolListViewModel.swift; sourceTree = "<group>"; };
		34B0BAAC2B6564170037D157 /* NetworkCall.swift */ = {isa = PBXFileReference; lastKnownFileType = sourcecode.swift; path = NetworkCall.swift; sourceTree = "<group>"; };
		34B0BAAE2B6580580037D157 /* SchoolDetailView.swift */ = {isa = PBXFileReference; lastKnownFileType = sourcecode.swift; path = SchoolDetailView.swift; sourceTree = "<group>"; };
		34B0BAB02B6584EC0037D157 /* Constants.swift */ = {isa = PBXFileReference; lastKnownFileType = sourcecode.swift; path = Constants.swift; sourceTree = "<group>"; };
		34B0BAB22B658A480037D157 /* DataFetchingTest.swift */ = {isa = PBXFileReference; lastKnownFileType = sourcecode.swift; path = DataFetchingTest.swift; sourceTree = "<group>"; };
		34B0BAB42B658BF00037D157 /* MockNetworkCall.swift */ = {isa = PBXFileReference; lastKnownFileType = sourcecode.swift; path = MockNetworkCall.swift; sourceTree = "<group>"; };
		34B0BAB62B658C510037D157 /* DataValidationTestCase.swift */ = {isa = PBXFileReference; lastKnownFileType = sourcecode.swift; path = DataValidationTestCase.swift; sourceTree = "<group>"; };
/* End PBXFileReference section */

/* Begin PBXFrameworksBuildPhase section */
		34B0BA752B65623A0037D157 /* Frameworks */ = {
			isa = PBXFrameworksBuildPhase;
			buildActionMask = 2147483647;
			files = (
			);
			runOnlyForDeploymentPostprocessing = 0;
		};
		34B0BA852B6562410037D157 /* Frameworks */ = {
			isa = PBXFrameworksBuildPhase;
			buildActionMask = 2147483647;
			files = (
			);
			runOnlyForDeploymentPostprocessing = 0;
		};
		34B0BA8F2B6562410037D157 /* Frameworks */ = {
			isa = PBXFrameworksBuildPhase;
			buildActionMask = 2147483647;
			files = (
			);
			runOnlyForDeploymentPostprocessing = 0;
		};
/* End PBXFrameworksBuildPhase section */

/* Begin PBXGroup section */
		34B0BA6F2B65623A0037D157 = {
			isa = PBXGroup;
			children = (
				34B0BA7A2B65623A0037D157 /* NYCSchoolInformation */,
				34B0BA8B2B6562410037D157 /* NYCSchoolInformationTests */,
				34B0BA952B6562410037D157 /* NYCSchoolInformationUITests */,
				34B0BA792B65623A0037D157 /* Products */,
			);
			sourceTree = "<group>";
		};
		34B0BA792B65623A0037D157 /* Products */ = {
			isa = PBXGroup;
			children = (
				34B0BA782B65623A0037D157 /* NYCSchoolInformation.app */,
				34B0BA882B6562410037D157 /* NYCSchoolInformationTests.xctest */,
				34B0BA922B6562410037D157 /* NYCSchoolInformationUITests.xctest */,
			);
			name = Products;
			sourceTree = "<group>";
		};
		34B0BA7A2B65623A0037D157 /* NYCSchoolInformation */ = {
			isa = PBXGroup;
			children = (
				34B0BAA72B6562760037D157 /* SchoolDetail */,
				34B0BAA62B65625A0037D157 /* SchoolList */,
				34B0BAA52B65624F0037D157 /* NetworkCall */,
				34B0BA7B2B65623A0037D157 /* NYCSchoolInformationApp.swift */,
				34B0BA7F2B6562400037D157 /* Assets.xcassets */,
				34B0BA812B6562400037D157 /* Preview Content */,
				34B0BAB02B6584EC0037D157 /* Constants.swift */,
			);
			path = NYCSchoolInformation;
			sourceTree = "<group>";
		};
		34B0BA812B6562400037D157 /* Preview Content */ = {
			isa = PBXGroup;
			children = (
				34B0BA822B6562400037D157 /* Preview Assets.xcassets */,
			);
			path = "Preview Content";
			sourceTree = "<group>";
		};
		34B0BA8B2B6562410037D157 /* NYCSchoolInformationTests */ = {
			isa = PBXGroup;
			children = (
				34B0BA8C2B6562410037D157 /* NYCSchoolInformationTests.swift */,
				34B0BAB22B658A480037D157 /* DataFetchingTest.swift */,
				34B0BAB62B658C510037D157 /* DataValidationTestCase.swift */,
			);
			path = NYCSchoolInformationTests;
			sourceTree = "<group>";
		};
		34B0BA952B6562410037D157 /* NYCSchoolInformationUITests */ = {
			isa = PBXGroup;
			children = (
				34B0BA962B6562410037D157 /* NYCSchoolInformationUITests.swift */,
				34B0BA982B6562410037D157 /* NYCSchoolInformationUITestsLaunchTests.swift */,
			);
			path = NYCSchoolInformationUITests;
			sourceTree = "<group>";
		};
		34B0BAA52B65624F0037D157 /* NetworkCall */ = {
			isa = PBXGroup;
			children = (
				34B0BAAC2B6564170037D157 /* NetworkCall.swift */,
				34B0BAB42B658BF00037D157 /* MockNetworkCall.swift */,
			);
			path = NetworkCall;
			sourceTree = "<group>";
		};
		34B0BAA62B65625A0037D157 /* SchoolList */ = {
			isa = PBXGroup;
			children = (
				34B0BA7D2B65623A0037D157 /* SchoolListView.swift */,
				34B0BAA82B6562960037D157 /* SchoolListModel.swift */,
				34B0BAAA2B6562B10037D157 /* SchoolListViewModel.swift */,
			);
			path = SchoolList;
			sourceTree = "<group>";
		};
		34B0BAA72B6562760037D157 /* SchoolDetail */ = {
			isa = PBXGroup;
			children = (
				34B0BAAE2B6580580037D157 /* SchoolDetailView.swift */,
			);
			path = SchoolDetail;
			sourceTree = "<group>";
		};
/* End PBXGroup section */

/* Begin PBXNativeTarget section */
		34B0BA772B65623A0037D157 /* NYCSchoolInformation */ = {
			isa = PBXNativeTarget;
			buildConfigurationList = 34B0BA9C2B6562410037D157 /* Build configuration list for PBXNativeTarget "NYCSchoolInformation" */;
			buildPhases = (
				34B0BA742B65623A0037D157 /* Sources */,
				34B0BA752B65623A0037D157 /* Frameworks */,
				34B0BA762B65623A0037D157 /* Resources */,
			);
			buildRules = (
			);
			dependencies = (
			);
			name = NYCSchoolInformation;
			productName = NYCSchoolInformation;
			productReference = 34B0BA782B65623A0037D157 /* NYCSchoolInformation.app */;
			productType = "com.apple.product-type.application";
		};
		34B0BA872B6562410037D157 /* NYCSchoolInformationTests */ = {
			isa = PBXNativeTarget;
			buildConfigurationList = 34B0BA9F2B6562410037D157 /* Build configuration list for PBXNativeTarget "NYCSchoolInformationTests" */;
			buildPhases = (
				34B0BA842B6562410037D157 /* Sources */,
				34B0BA852B6562410037D157 /* Frameworks */,
				34B0BA862B6562410037D157 /* Resources */,
			);
			buildRules = (
			);
			dependencies = (
				34B0BA8A2B6562410037D157 /* PBXTargetDependency */,
			);
			name = NYCSchoolInformationTests;
			productName = NYCSchoolInformationTests;
			productReference = 34B0BA882B6562410037D157 /* NYCSchoolInformationTests.xctest */;
			productType = "com.apple.product-type.bundle.unit-test";
		};
		34B0BA912B6562410037D157 /* NYCSchoolInformationUITests */ = {
			isa = PBXNativeTarget;
			buildConfigurationList = 34B0BAA22B6562410037D157 /* Build configuration list for PBXNativeTarget "NYCSchoolInformationUITests" */;
			buildPhases = (
				34B0BA8E2B6562410037D157 /* Sources */,
				34B0BA8F2B6562410037D157 /* Frameworks */,
				34B0BA902B6562410037D157 /* Resources */,
			);
			buildRules = (
			);
			dependencies = (
				34B0BA942B6562410037D157 /* PBXTargetDependency */,
			);
			name = NYCSchoolInformationUITests;
			productName = NYCSchoolInformationUITests;
			productReference = 34B0BA922B6562410037D157 /* NYCSchoolInformationUITests.xctest */;
			productType = "com.apple.product-type.bundle.ui-testing";
		};
/* End PBXNativeTarget section */

/* Begin PBXProject section */
		34B0BA702B65623A0037D157 /* Project object */ = {
			isa = PBXProject;
			attributes = {
				BuildIndependentTargetsInParallel = 1;
				LastSwiftUpdateCheck = 1420;
				LastUpgradeCheck = 1420;
				TargetAttributes = {
					34B0BA772B65623A0037D157 = {
						CreatedOnToolsVersion = 14.2;
					};
					34B0BA872B6562410037D157 = {
						CreatedOnToolsVersion = 14.2;
						TestTargetID = 34B0BA772B65623A0037D157;
					};
					34B0BA912B6562410037D157 = {
						CreatedOnToolsVersion = 14.2;
						TestTargetID = 34B0BA772B65623A0037D157;
					};
				};
			};
			buildConfigurationList = 34B0BA732B65623A0037D157 /* Build configuration list for PBXProject "NYCSchoolInformation" */;
			compatibilityVersion = "Xcode 14.0";
			developmentRegion = en;
			hasScannedForEncodings = 0;
			knownRegions = (
				en,
				Base,
			);
			mainGroup = 34B0BA6F2B65623A0037D157;
			productRefGroup = 34B0BA792B65623A0037D157 /* Products */;
			projectDirPath = "";
			projectRoot = "";
			targets = (
				34B0BA772B65623A0037D157 /* NYCSchoolInformation */,
				34B0BA872B6562410037D157 /* NYCSchoolInformationTests */,
				34B0BA912B6562410037D157 /* NYCSchoolInformationUITests */,
			);
		};
/* End PBXProject section */

/* Begin PBXResourcesBuildPhase section */
		34B0BA762B65623A0037D157 /* Resources */ = {
			isa = PBXResourcesBuildPhase;
			buildActionMask = 2147483647;
			files = (
				34B0BA832B6562400037D157 /* Preview Assets.xcassets in Resources */,
				34B0BA802B6562400037D157 /* Assets.xcassets in Resources */,
			);
			runOnlyForDeploymentPostprocessing = 0;
		};
		34B0BA862B6562410037D157 /* Resources */ = {
			isa = PBXResourcesBuildPhase;
			buildActionMask = 2147483647;
			files = (
			);
			runOnlyForDeploymentPostprocessing = 0;
		};
		34B0BA902B6562410037D157 /* Resources */ = {
			isa = PBXResourcesBuildPhase;
			buildActionMask = 2147483647;
			files = (
			);
			runOnlyForDeploymentPostprocessing = 0;
		};
/* End PBXResourcesBuildPhase section */

/* Begin PBXSourcesBuildPhase section */
		34B0BA742B65623A0037D157 /* Sources */ = {
			isa = PBXSourcesBuildPhase;
			buildActionMask = 2147483647;
			files = (
				34B0BAB52B658BF00037D157 /* MockNetworkCall.swift in Sources */,
				34B0BAAB2B6562B10037D157 /* SchoolListViewModel.swift in Sources */,
				34B0BA7E2B65623A0037D157 /* SchoolListView.swift in Sources */,
				34B0BAA92B6562960037D157 /* SchoolListModel.swift in Sources */,
				34B0BA7C2B65623A0037D157 /* NYCSchoolInformationApp.swift in Sources */,
				34B0BAB12B6584EC0037D157 /* Constants.swift in Sources */,
				34B0BAAD2B6564170037D157 /* NetworkCall.swift in Sources */,
				34B0BAAF2B6580580037D157 /* SchoolDetailView.swift in Sources */,
			);
			runOnlyForDeploymentPostprocessing = 0;
		};
		34B0BA842B6562410037D157 /* Sources */ = {
			isa = PBXSourcesBuildPhase;
			buildActionMask = 2147483647;
			files = (
				34B0BAB72B658C510037D157 /* DataValidationTestCase.swift in Sources */,
				34B0BA8D2B6562410037D157 /* NYCSchoolInformationTests.swift in Sources */,
				34B0BAB32B658A480037D157 /* DataFetchingTest.swift in Sources */,
			);
			runOnlyForDeploymentPostprocessing = 0;
		};
		34B0BA8E2B6562410037D157 /* Sources */ = {
			isa = PBXSourcesBuildPhase;
			buildActionMask = 2147483647;
			files = (
				34B0BA992B6562410037D157 /* NYCSchoolInformationUITestsLaunchTests.swift in Sources */,
				34B0BA972B6562410037D157 /* NYCSchoolInformationUITests.swift in Sources */,
			);
			runOnlyForDeploymentPostprocessing = 0;
		};
/* End PBXSourcesBuildPhase section */

/* Begin PBXTargetDependency section */
		34B0BA8A2B6562410037D157 /* PBXTargetDependency */ = {
			isa = PBXTargetDependency;
			target = 34B0BA772B65623A0037D157 /* NYCSchoolInformation */;
			targetProxy = 34B0BA892B6562410037D157 /* PBXContainerItemProxy */;
		};
		34B0BA942B6562410037D157 /* PBXTargetDependency */ = {
			isa = PBXTargetDependency;
			target = 34B0BA772B65623A0037D157 /* NYCSchoolInformation */;
			targetProxy = 34B0BA932B6562410037D157 /* PBXContainerItemProxy */;
		};
/* End PBXTargetDependency section */

/* Begin XCBuildConfiguration section */
		34B0BA9A2B6562410037D157 /* Debug */ = {
			isa = XCBuildConfiguration;
			buildSettings = {
				ALWAYS_SEARCH_USER_PATHS = NO;
				CLANG_ANALYZER_NONNULL = YES;
				CLANG_ANALYZER_NUMBER_OBJECT_CONVERSION = YES_AGGRESSIVE;
				CLANG_CXX_LANGUAGE_STANDARD = "gnu++20";
				CLANG_ENABLE_MODULES = YES;
				CLANG_ENABLE_OBJC_ARC = YES;
				CLANG_ENABLE_OBJC_WEAK = YES;
				CLANG_WARN_BLOCK_CAPTURE_AUTORELEASING = YES;
				CLANG_WARN_BOOL_CONVERSION = YES;
				CLANG_WARN_COMMA = YES;
				CLANG_WARN_CONSTANT_CONVERSION = YES;
				CLANG_WARN_DEPRECATED_OBJC_IMPLEMENTATIONS = YES;
				CLANG_WARN_DIRECT_OBJC_ISA_USAGE = YES_ERROR;
				CLANG_WARN_DOCUMENTATION_COMMENTS = YES;
				CLANG_WARN_EMPTY_BODY = YES;
				CLANG_WARN_ENUM_CONVERSION = YES;
				CLANG_WARN_INFINITE_RECURSION = YES;
				CLANG_WARN_INT_CONVERSION = YES;
				CLANG_WARN_NON_LITERAL_NULL_CONVERSION = YES;
				CLANG_WARN_OBJC_IMPLICIT_RETAIN_SELF = YES;
				CLANG_WARN_OBJC_LITERAL_CONVERSION = YES;
				CLANG_WARN_OBJC_ROOT_CLASS = YES_ERROR;
				CLANG_WARN_QUOTED_INCLUDE_IN_FRAMEWORK_HEADER = YES;
				CLANG_WARN_RANGE_LOOP_ANALYSIS = YES;
				CLANG_WARN_STRICT_PROTOTYPES = YES;
				CLANG_WARN_SUSPICIOUS_MOVE = YES;
				CLANG_WARN_UNGUARDED_AVAILABILITY = YES_AGGRESSIVE;
				CLANG_WARN_UNREACHABLE_CODE = YES;
				CLANG_WARN__DUPLICATE_METHOD_MATCH = YES;
				COPY_PHASE_STRIP = NO;
				DEBUG_INFORMATION_FORMAT = dwarf;
				ENABLE_STRICT_OBJC_MSGSEND = YES;
				ENABLE_TESTABILITY = YES;
				GCC_C_LANGUAGE_STANDARD = gnu11;
				GCC_DYNAMIC_NO_PIC = NO;
				GCC_NO_COMMON_BLOCKS = YES;
				GCC_OPTIMIZATION_LEVEL = 0;
				GCC_PREPROCESSOR_DEFINITIONS = (
					"DEBUG=1",
					"$(inherited)",
				);
				GCC_WARN_64_TO_32_BIT_CONVERSION = YES;
				GCC_WARN_ABOUT_RETURN_TYPE = YES_ERROR;
				GCC_WARN_UNDECLARED_SELECTOR = YES;
				GCC_WARN_UNINITIALIZED_AUTOS = YES_AGGRESSIVE;
				GCC_WARN_UNUSED_FUNCTION = YES;
				GCC_WARN_UNUSED_VARIABLE = YES;
				IPHONEOS_DEPLOYMENT_TARGET = 16.2;
				MTL_ENABLE_DEBUG_INFO = INCLUDE_SOURCE;
				MTL_FAST_MATH = YES;
				ONLY_ACTIVE_ARCH = YES;
				SDKROOT = iphoneos;
				SWIFT_ACTIVE_COMPILATION_CONDITIONS = DEBUG;
				SWIFT_OPTIMIZATION_LEVEL = "-Onone";
			};
			name = Debug;
		};
		34B0BA9B2B6562410037D157 /* Release */ = {
			isa = XCBuildConfiguration;
			buildSettings = {
				ALWAYS_SEARCH_USER_PATHS = NO;
				CLANG_ANALYZER_NONNULL = YES;
				CLANG_ANALYZER_NUMBER_OBJECT_CONVERSION = YES_AGGRESSIVE;
				CLANG_CXX_LANGUAGE_STANDARD = "gnu++20";
				CLANG_ENABLE_MODULES = YES;
				CLANG_ENABLE_OBJC_ARC = YES;
				CLANG_ENABLE_OBJC_WEAK = YES;
				CLANG_WARN_BLOCK_CAPTURE_AUTORELEASING = YES;
				CLANG_WARN_BOOL_CONVERSION = YES;
				CLANG_WARN_COMMA = YES;
				CLANG_WARN_CONSTANT_CONVERSION = YES;
				CLANG_WARN_DEPRECATED_OBJC_IMPLEMENTATIONS = YES;
				CLANG_WARN_DIRECT_OBJC_ISA_USAGE = YES_ERROR;
				CLANG_WARN_DOCUMENTATION_COMMENTS = YES;
				CLANG_WARN_EMPTY_BODY = YES;
				CLANG_WARN_ENUM_CONVERSION = YES;
				CLANG_WARN_INFINITE_RECURSION = YES;
				CLANG_WARN_INT_CONVERSION = YES;
				CLANG_WARN_NON_LITERAL_NULL_CONVERSION = YES;
				CLANG_WARN_OBJC_IMPLICIT_RETAIN_SELF = YES;
				CLANG_WARN_OBJC_LITERAL_CONVERSION = YES;
				CLANG_WARN_OBJC_ROOT_CLASS = YES_ERROR;
				CLANG_WARN_QUOTED_INCLUDE_IN_FRAMEWORK_HEADER = YES;
				CLANG_WARN_RANGE_LOOP_ANALYSIS = YES;
				CLANG_WARN_STRICT_PROTOTYPES = YES;
				CLANG_WARN_SUSPICIOUS_MOVE = YES;
				CLANG_WARN_UNGUARDED_AVAILABILITY = YES_AGGRESSIVE;
				CLANG_WARN_UNREACHABLE_CODE = YES;
				CLANG_WARN__DUPLICATE_METHOD_MATCH = YES;
				COPY_PHASE_STRIP = NO;
				DEBUG_INFORMATION_FORMAT = "dwarf-with-dsym";
				ENABLE_NS_ASSERTIONS = NO;
				ENABLE_STRICT_OBJC_MSGSEND = YES;
				GCC_C_LANGUAGE_STANDARD = gnu11;
				GCC_NO_COMMON_BLOCKS = YES;
				GCC_WARN_64_TO_32_BIT_CONVERSION = YES;
				GCC_WARN_ABOUT_RETURN_TYPE = YES_ERROR;
				GCC_WARN_UNDECLARED_SELECTOR = YES;
				GCC_WARN_UNINITIALIZED_AUTOS = YES_AGGRESSIVE;
				GCC_WARN_UNUSED_FUNCTION = YES;
				GCC_WARN_UNUSED_VARIABLE = YES;
				IPHONEOS_DEPLOYMENT_TARGET = 16.2;
				MTL_ENABLE_DEBUG_INFO = NO;
				MTL_FAST_MATH = YES;
				SDKROOT = iphoneos;
				SWIFT_COMPILATION_MODE = wholemodule;
				SWIFT_OPTIMIZATION_LEVEL = "-O";
				VALIDATE_PRODUCT = YES;
			};
			name = Release;
		};
		34B0BA9D2B6562410037D157 /* Debug */ = {
			isa = XCBuildConfiguration;
			buildSettings = {
				ASSETCATALOG_COMPILER_APPICON_NAME = AppIcon;
				ASSETCATALOG_COMPILER_GLOBAL_ACCENT_COLOR_NAME = AccentColor;
				CODE_SIGN_STYLE = Automatic;
				CURRENT_PROJECT_VERSION = 1;
				DEVELOPMENT_ASSET_PATHS = "\"NYCSchoolInformation/Preview Content\"";
				ENABLE_PREVIEWS = YES;
				GENERATE_INFOPLIST_FILE = YES;
				INFOPLIST_KEY_UIApplicationSceneManifest_Generation = YES;
				INFOPLIST_KEY_UIApplicationSupportsIndirectInputEvents = YES;
				INFOPLIST_KEY_UILaunchScreen_Generation = YES;
				INFOPLIST_KEY_UISupportedInterfaceOrientations_iPad = "UIInterfaceOrientationPortrait UIInterfaceOrientationPortraitUpsideDown UIInterfaceOrientationLandscapeLeft UIInterfaceOrientationLandscapeRight";
				INFOPLIST_KEY_UISupportedInterfaceOrientations_iPhone = "UIInterfaceOrientationPortrait UIInterfaceOrientationLandscapeLeft UIInterfaceOrientationLandscapeRight";
				LD_RUNPATH_SEARCH_PATHS = (
					"$(inherited)",
					"@executable_path/Frameworks",
				);
				MARKETING_VERSION = 1.0;
				PRODUCT_BUNDLE_IDENTIFIER = com.khushboopatel.NYCSchoolInformation;
				PRODUCT_NAME = "$(TARGET_NAME)";
				SWIFT_EMIT_LOC_STRINGS = YES;
				SWIFT_VERSION = 5.0;
				TARGETED_DEVICE_FAMILY = "1,2";
			};
			name = Debug;
		};
		34B0BA9E2B6562410037D157 /* Release */ = {
			isa = XCBuildConfiguration;
			buildSettings = {
				ASSETCATALOG_COMPILER_APPICON_NAME = AppIcon;
				ASSETCATALOG_COMPILER_GLOBAL_ACCENT_COLOR_NAME = AccentColor;
				CODE_SIGN_STYLE = Automatic;
				CURRENT_PROJECT_VERSION = 1;
				DEVELOPMENT_ASSET_PATHS = "\"NYCSchoolInformation/Preview Content\"";
				ENABLE_PREVIEWS = YES;
				GENERATE_INFOPLIST_FILE = YES;
				INFOPLIST_KEY_UIApplicationSceneManifest_Generation = YES;
				INFOPLIST_KEY_UIApplicationSupportsIndirectInputEvents = YES;
				INFOPLIST_KEY_UILaunchScreen_Generation = YES;
				INFOPLIST_KEY_UISupportedInterfaceOrientations_iPad = "UIInterfaceOrientationPortrait UIInterfaceOrientationPortraitUpsideDown UIInterfaceOrientationLandscapeLeft UIInterfaceOrientationLandscapeRight";
				INFOPLIST_KEY_UISupportedInterfaceOrientations_iPhone = "UIInterfaceOrientationPortrait UIInterfaceOrientationLandscapeLeft UIInterfaceOrientationLandscapeRight";
				LD_RUNPATH_SEARCH_PATHS = (
					"$(inherited)",
					"@executable_path/Frameworks",
				);
				MARKETING_VERSION = 1.0;
				PRODUCT_BUNDLE_IDENTIFIER = com.khushboopatel.NYCSchoolInformation;
				PRODUCT_NAME = "$(TARGET_NAME)";
				SWIFT_EMIT_LOC_STRINGS = YES;
				SWIFT_VERSION = 5.0;
				TARGETED_DEVICE_FAMILY = "1,2";
			};
			name = Release;
		};
		34B0BAA02B6562410037D157 /* Debug */ = {
			isa = XCBuildConfiguration;
			buildSettings = {
				ALWAYS_EMBED_SWIFT_STANDARD_LIBRARIES = YES;
				BUNDLE_LOADER = "$(TEST_HOST)";
				CODE_SIGN_STYLE = Automatic;
				CURRENT_PROJECT_VERSION = 1;
				GENERATE_INFOPLIST_FILE = YES;
				IPHONEOS_DEPLOYMENT_TARGET = 16.2;
				MARKETING_VERSION = 1.0;
				PRODUCT_BUNDLE_IDENTIFIER = com.khushboopatel.NYCSchoolInformationTests;
				PRODUCT_NAME = "$(TARGET_NAME)";
				SWIFT_EMIT_LOC_STRINGS = NO;
				SWIFT_VERSION = 5.0;
				TARGETED_DEVICE_FAMILY = "1,2";
				TEST_HOST = "$(BUILT_PRODUCTS_DIR)/NYCSchoolInformation.app/$(BUNDLE_EXECUTABLE_FOLDER_PATH)/NYCSchoolInformation";
			};
			name = Debug;
		};
		34B0BAA12B6562410037D157 /* Release */ = {
			isa = XCBuildConfiguration;
			buildSettings = {
				ALWAYS_EMBED_SWIFT_STANDARD_LIBRARIES = YES;
				BUNDLE_LOADER = "$(TEST_HOST)";
				CODE_SIGN_STYLE = Automatic;
				CURRENT_PROJECT_VERSION = 1;
				GENERATE_INFOPLIST_FILE = YES;
				IPHONEOS_DEPLOYMENT_TARGET = 16.2;
				MARKETING_VERSION = 1.0;
				PRODUCT_BUNDLE_IDENTIFIER = com.khushboopatel.NYCSchoolInformationTests;
				PRODUCT_NAME = "$(TARGET_NAME)";
				SWIFT_EMIT_LOC_STRINGS = NO;
				SWIFT_VERSION = 5.0;
				TARGETED_DEVICE_FAMILY = "1,2";
				TEST_HOST = "$(BUILT_PRODUCTS_DIR)/NYCSchoolInformation.app/$(BUNDLE_EXECUTABLE_FOLDER_PATH)/NYCSchoolInformation";
			};
			name = Release;
		};
		34B0BAA32B6562410037D157 /* Debug */ = {
			isa = XCBuildConfiguration;
			buildSettings = {
				ALWAYS_EMBED_SWIFT_STANDARD_LIBRARIES = YES;
				CODE_SIGN_STYLE = Automatic;
				CURRENT_PROJECT_VERSION = 1;
				GENERATE_INFOPLIST_FILE = YES;
				MARKETING_VERSION = 1.0;
				PRODUCT_BUNDLE_IDENTIFIER = com.khushboopatel.NYCSchoolInformationUITests;
				PRODUCT_NAME = "$(TARGET_NAME)";
				SWIFT_EMIT_LOC_STRINGS = NO;
				SWIFT_VERSION = 5.0;
				TARGETED_DEVICE_FAMILY = "1,2";
				TEST_TARGET_NAME = NYCSchoolInformation;
			};
			name = Debug;
		};
		34B0BAA42B6562410037D157 /* Release */ = {
			isa = XCBuildConfiguration;
			buildSettings = {
				ALWAYS_EMBED_SWIFT_STANDARD_LIBRARIES = YES;
				CODE_SIGN_STYLE = Automatic;
				CURRENT_PROJECT_VERSION = 1;
				GENERATE_INFOPLIST_FILE = YES;
				MARKETING_VERSION = 1.0;
				PRODUCT_BUNDLE_IDENTIFIER = com.khushboopatel.NYCSchoolInformationUITests;
				PRODUCT_NAME = "$(TARGET_NAME)";
				SWIFT_EMIT_LOC_STRINGS = NO;
				SWIFT_VERSION = 5.0;
				TARGETED_DEVICE_FAMILY = "1,2";
				TEST_TARGET_NAME = NYCSchoolInformation;
			};
			name = Release;
		};
/* End XCBuildConfiguration section */

/* Begin XCConfigurationList section */
		34B0BA732B65623A0037D157 /* Build configuration list for PBXProject "NYCSchoolInformation" */ = {
			isa = XCConfigurationList;
			buildConfigurations = (
				34B0BA9A2B6562410037D157 /* Debug */,
				34B0BA9B2B6562410037D157 /* Release */,
			);
			defaultConfigurationIsVisible = 0;
			defaultConfigurationName = Release;
		};
		34B0BA9C2B6562410037D157 /* Build configuration list for PBXNativeTarget "NYCSchoolInformation" */ = {
			isa = XCConfigurationList;
			buildConfigurations = (
				34B0BA9D2B6562410037D157 /* Debug */,
				34B0BA9E2B6562410037D157 /* Release */,
			);
			defaultConfigurationIsVisible = 0;
			defaultConfigurationName = Release;
		};
		34B0BA9F2B6562410037D157 /* Build configuration list for PBXNativeTarget "NYCSchoolInformationTests" */ = {
			isa = XCConfigurationList;
			buildConfigurations = (
				34B0BAA02B6562410037D157 /* Debug */,
				34B0BAA12B6562410037D157 /* Release */,
			);
			defaultConfigurationIsVisible = 0;
			defaultConfigurationName = Release;
		};
		34B0BAA22B6562410037D157 /* Build configuration list for PBXNativeTarget "NYCSchoolInformationUITests" */ = {
			isa = XCConfigurationList;
			buildConfigurations = (
				34B0BAA32B6562410037D157 /* Debug */,
				34B0BAA42B6562410037D157 /* Release */,
			);
			defaultConfigurationIsVisible = 0;
			defaultConfigurationName = Release;
		};
/* End XCConfigurationList section */
	};
	rootObject = 34B0BA702B65623A0037D157 /* Project object */;
}
